
Microsoft Visual Studio Solution File, Format Version 12.00
# Visual Studio Version 17
VisualStudioVersion = 17.10.35122.118
MinimumVisualStudioVersion = 10.0.40219.1
Project("{FAE04EC0-301F-11D3-BF4B-00C04F79EFBC}") = "BC1114", "BC1114\BC1114.csproj", "{3246F047-056D-4FC7-87E6-9BBD7E68DFF0}"
EndProject
Global
	GlobalSection(SolutionConfigurationPlatforms) = preSolution
		Debug|Any CPU = Debug|Any CPU
		Release|Any CPU = Release|Any CPU
	EndGlobalSection
	GlobalSection(ProjectConfigurationPlatforms) = postSolution
		{3246F047-056D-4FC7-87E6-9BBD7E68DFF0}.Debug|Any CPU.ActiveCfg = Debug|Any CPU
		{3246F047-056D-4FC7-87E6-9BBD7E68DFF0}.Debug|Any CPU.Build.0 = Debug|Any CPU
		{3246F047-056D-4FC7-87E6-9BBD7E68DFF0}.Release|Any CPU.ActiveCfg = Release|Any CPU
		{3246F047-056D-4FC7-87E6-9BBD7E68DFF0}.Release|Any CPU.Build.0 = Release|Any CPU
	EndGlobalSection
	GlobalSection(SolutionProperties) = preSolution
		HideSolutionNode = FALSE
	EndGlobalSection
	GlobalSection(ExtensibilityGlobals) = postSolution
		SolutionGuid = {F3B57077-0356-4541-9B3A-EA0C722B53FE}
	EndGlobalSection
EndGlobal
